hash: ae515516f6da3640076539f70f929b067920d041cd3da55d2b33865c94f41d38
updated: 2017-12-21T11:40:22.245844-05:00
imports:
- name: github.com/blendlabs/go-exception
  version: 8d6614c6a381fe586fa618174af22043ff966730
- name: github.com/golang/freetype
  version: e2365dfdc4a05e4b8299a783240d4a7d5a65d4e4
  subpackages:
  - raster
  - truetype
- name: github.com/gorilla/context
  version: 08b5f424b9271eedf6f9f0ce86cb9396ed337a42
- name: github.com/gorilla/mux
  version: 7f08801859139f86dfafd1c296e2cba9a80d292e
- name: github.com/joyent/go-conch
  version: 195858be170dd9af5e1c3cbeea148a1e3c632cf8
  subpackages:
  - pg_time
- name: github.com/mattn/go-runewidth
  version: 9e777a8366cce605130a531d2cd6363d07ad7317
- name: github.com/mitchellh/go-homedir
  version: b8bc1bf767474819792c23f32d8286a45736f1c6
- name: github.com/olekukonko/tablewriter
  version: 65fec0d89a572b4367094e2058d3ebe667de3b60
- name: github.com/wcharczuk/go-chart
  version: fc2973067ce43455507ea5f9aa9814aabbf8f2ca
  subpackages:
  - drawing
- name: golang.org/x/image
  version: 12117c17ca67ffa1ce22e9409f3b0b0a93ac08c7
  subpackages:
  - draw
  - font
  - math/f64
  - math/fixed
- name: gopkg.in/jawher/mow.cli.v1
  version: 0e80ee9f63156ea1954dc2375c33a1c7e752c25c
- name: gopkg.in/montanaflynn/stats.v0
  version: eeaced052adbcfeea372c749c281099ed7fdaa38
- name: gopkg.in/satori/go.uuid.v1
  version: 879c5887cd475cd7864858769793b2ceb0d44feb
testImports: []
