hash: 9743046d5688f14885b9a610760c86f2ff55c5803f76a27e5d404b724ea22953
updated: 2017-12-20T12:26:39.181359-05:00
imports:
- name: github.com/joyent/go-conch
  version: ec6bd170c1a420b5ad70725e9e8314257b5aa0c0
  subpackages:
  - pg_time
- name: github.com/mattn/go-runewidth
  version: 9e777a8366cce605130a531d2cd6363d07ad7317
- name: github.com/mitchellh/go-homedir
  version: b8bc1bf767474819792c23f32d8286a45736f1c6
- name: github.com/olekukonko/tablewriter
  version: 65fec0d89a572b4367094e2058d3ebe667de3b60
- name: gopkg.in/jawher/mow.cli.v1
  version: 0e80ee9f63156ea1954dc2375c33a1c7e752c25c
- name: gopkg.in/montanaflynn/stats.v0
  version: eeaced052adbcfeea372c749c281099ed7fdaa38
- name: gopkg.in/satori/go.uuid.v1
  version: 879c5887cd475cd7864858769793b2ceb0d44feb
testImports: []
