hash: 52386c360f6bab5c12886556ea717b2ddfe05f5a42bea61c7cedbeef9b881c1d
updated: 2017-11-30T14:02:09.125947-05:00
imports:
- name: github.com/Bowery/prompt
  version: 753711fea478fa77bb2c83f6ec244b814d4a8bad
- name: github.com/joyent/go-conch
  version: fdfe8b7096df02bd5a36c2851009188f91d247c0
- name: github.com/labstack/gommon
  version: 57409ada9da0f2afad6664c49502f8c50fbd8476
  subpackages:
  - color
- name: github.com/mattn/go-colorable
  version: 6fcc0c1fd9b620311d821b106a400b35dc95c497
- name: github.com/mattn/go-isatty
  version: 6ca4dbf54d38eea1a992b3c722a76a5d1c4cb25c
- name: github.com/mattn/go-runewidth
  version: 9e777a8366cce605130a531d2cd6363d07ad7317
- name: github.com/mkideal/cli
  version: a9c1104566927924fdb041d198f05617492913f9
- name: github.com/mkideal/pkg
  version: 3e188c9e7ecc83d0fe7040a9161ce3c67885470d
  subpackages:
  - debug
  - expr
- name: github.com/olekukonko/tablewriter
  version: a7a4c189eb47ed33ce7b35f2880070a0c82a67d4
- name: golang.org/x/sys
  version: 328643532ee3c60c099171d4ce2cad0ca0354ca9
  subpackages:
  - unix
testImports: []
