# This file is autogenerated, do not edit; changes may be undone by the next 'dep ensure'.


[[projects]]
  branch = "master"
  digest = "1:739c9ec359b9f06cf0fd0cd40dfb609340225956935595625419ed5e414f345a"
  name = "github.com/Bowery/prompt"
  packages = ["."]
  pruneopts = "UT"
  revision = "8a1d5376df1cbec3468f2138fecc44dd8b48e342"

[[projects]]
  digest = "1:0bde54432febb95cd0749edb6b10955b4332a29257c34afe648dc9aff15ec605"
  name = "github.com/DiSiqueira/GoTree"
  packages = ["."]
  pruneopts = "UT"
  revision = "4c287e3603a85571820a6a8ad100a45002150053"
  version = "0.2.0"

[[projects]]
  digest = "1:705c40022f5c03bf96ffeb6477858d88565064485a513abcd0f11a0911546cb6"
  name = "github.com/blang/semver"
  packages = ["."]
  pruneopts = "UT"
  revision = "2ee87856327ba09384cabd113bc6b5d174e9ec0f"
  version = "v3.5.1"

[[projects]]
  digest = "1:ace1aef6acdf2c4647365dc87c14fb8b71ed8bb0b3ae114ffb216614a24da219"
  name = "github.com/dghubble/sling"
  packages = ["."]
  pruneopts = "UT"
  revision = "eb56e89ac5088bebb12eef3cb4b293300f43608b"
  version = "v1.1.0"

[[projects]]
  branch = "master"
  digest = "1:a63cff6b5d8b95638bfe300385d93b2a6d9d687734b863da8e09dc834510a690"
  name = "github.com/google/go-querystring"
  packages = ["query"]
  pruneopts = "UT"
  revision = "53e6ce116135b80d037921a7fdd5138cf32d7a8a"

[[projects]]
  digest = "1:cd685a8b273acf671df4e26ec54c77c363d76eb80b554ed5374233a55f6e424f"
  name = "github.com/jawher/mow.cli"
  packages = [
    ".",
    "internal/container",
    "internal/flow",
    "internal/fsm",
    "internal/lexer",
    "internal/matcher",
    "internal/parser",
    "internal/values",
  ]
  pruneopts = "UT"
  revision = "2f22195f169da29d54624afd9eb83ada5c9e4ee9"
  version = "v1.0.4"

[[projects]]
  digest = "1:cdb899c199f907ac9fb50495ec71212c95cb5b0e0a8ee0800da0238036091033"
  name = "github.com/mattn/go-runewidth"
  packages = ["."]
  pruneopts = "UT"
  revision = "ce7b0b5c7b45a81508558cd1dba6bb1e4ddb51bb"
  version = "v0.0.3"

[[projects]]
  branch = "master"
  digest = "1:78bbb1ba5b7c3f2ed0ea1eab57bdd3859aec7e177811563edc41198a760b06af"
  name = "github.com/mitchellh/go-homedir"
  packages = ["."]
  pruneopts = "UT"
  revision = "ae18d6b8b3205b561c79e8e5f69bff09736185f4"

[[projects]]
  branch = "master"
  digest = "1:398b067cd5b79e0a0c067f5b3a23cf369567d93de8e4d9bf364fda4382b51f63"
  name = "github.com/nbio/st"
  packages = ["."]
  pruneopts = "UT"
  revision = "e9e8d9816f3268def6dcbd2dea03301f40e9de94"

[[projects]]
  branch = "master"
  digest = "1:4daa045e1e1f3e23f4b07db6880cdf9f259dab65312dfe244a878e6070faaf77"
  name = "github.com/olekukonko/tablewriter"
  packages = ["."]
  pruneopts = "UT"
  revision = "d4647c9c7a84d847478d890b816b7d8b62b0b279"

[[projects]]
  branch = "master"
  digest = "1:4b487c782bc804d994e91adbd3d2a8a77a482671efd87b2fde0805adb01a39c0"
  name = "golang.org/x/sys"
  packages = ["unix"]
  pruneopts = "UT"
  revision = "fa5fdf94c78965f1aa8423f0cc50b8b8d728b05a"

[[projects]]
  digest = "1:bae937801c8147c4c64bd2e1b7d73292c89a55c904cb9fcded11e09f8c30a474"
  name = "gopkg.in/h2non/gock.v1"
  packages = ["."]
  pruneopts = "UT"
  revision = "4692cba4394f79372bfe85996501ad43db9d82e0"
  version = "v1.0.9"

[[projects]]
  digest = "1:274f67cb6fed9588ea2521ecdac05a6d62a8c51c074c1fccc6a49a40ba80e925"
  name = "gopkg.in/satori/go.uuid.v1"
  packages = ["."]
  pruneopts = "UT"
  revision = "f58768cc1a7a7e77a3bd49e98cdd21419399b6a3"
  version = "v1.2.0"

[solve-meta]
  analyzer-name = "dep"
  analyzer-version = 1
  input-imports = [
    "github.com/Bowery/prompt",
    "github.com/DiSiqueira/GoTree",
    "github.com/blang/semver",
    "github.com/dghubble/sling",
    "github.com/jawher/mow.cli",
    "github.com/mitchellh/go-homedir",
    "github.com/nbio/st",
    "github.com/olekukonko/tablewriter",
    "gopkg.in/h2non/gock.v1",
    "gopkg.in/satori/go.uuid.v1",
  ]
  solver-name = "gps-cdcl"
  solver-version = 1
