# This file is autogenerated, do not edit; changes may be undone by the next 'dep ensure'.


[[projects]]
  branch = "master"
  digest = "1:739c9ec359b9f06cf0fd0cd40dfb609340225956935595625419ed5e414f345a"
  name = "github.com/Bowery/prompt"
  packages = ["."]
  pruneopts = "UT"
  revision = "8a1d5376df1cbec3468f2138fecc44dd8b48e342"

[[projects]]
  digest = "1:0bde54432febb95cd0749edb6b10955b4332a29257c34afe648dc9aff15ec605"
  name = "github.com/DiSiqueira/GoTree"
  packages = ["."]
  pruneopts = "UT"
  revision = "4c287e3603a85571820a6a8ad100a45002150053"
  version = "0.2.0"

[[projects]]
  digest = "1:705c40022f5c03bf96ffeb6477858d88565064485a513abcd0f11a0911546cb6"
  name = "github.com/blang/semver"
  packages = ["."]
  pruneopts = "UT"
  revision = "2ee87856327ba09384cabd113bc6b5d174e9ec0f"
  version = "v3.5.1"

[[projects]]
  digest = "1:ffe9824d294da03b391f44e1ae8281281b4afc1bdaa9588c9097785e3af10cec"
  name = "github.com/davecgh/go-spew"
  packages = ["spew"]
  pruneopts = "UT"
  revision = "8991bc29aa16c548c550c7ff78260e27b9ab7c73"
  version = "v1.1.1"

[[projects]]
  digest = "1:ace1aef6acdf2c4647365dc87c14fb8b71ed8bb0b3ae114ffb216614a24da219"
  name = "github.com/dghubble/sling"
  packages = ["."]
  pruneopts = "UT"
  revision = "eb56e89ac5088bebb12eef3cb4b293300f43608b"
  version = "v1.1.0"

[[projects]]
  digest = "1:abeb38ade3f32a92943e5be54f55ed6d6e3b6602761d74b4aab4c9dd45c18abd"
  name = "github.com/fsnotify/fsnotify"
  packages = ["."]
  pruneopts = "UT"
  revision = "c2828203cd70a50dcccfb2761f8b1f8ceef9a8e9"
  version = "v1.4.7"

[[projects]]
  branch = "master"
  digest = "1:a63cff6b5d8b95638bfe300385d93b2a6d9d687734b863da8e09dc834510a690"
  name = "github.com/google/go-querystring"
  packages = ["query"]
  pruneopts = "UT"
  revision = "53e6ce116135b80d037921a7fdd5138cf32d7a8a"

[[projects]]
  digest = "1:c0d19ab64b32ce9fe5cf4ddceba78d5bc9807f0016db6b1183599da3dcc24d10"
  name = "github.com/hashicorp/hcl"
  packages = [
    ".",
    "hcl/ast",
    "hcl/parser",
    "hcl/printer",
    "hcl/scanner",
    "hcl/strconv",
    "hcl/token",
    "json/parser",
    "json/scanner",
    "json/token",
  ]
  pruneopts = "UT"
  revision = "8cb6e5b959231cc1119e43259c4a608f9c51a241"
  version = "v1.0.0"

[[projects]]
  digest = "1:870d441fe217b8e689d7949fef6e43efbc787e50f200cb1e70dbca9204a1d6be"
  name = "github.com/inconshreveable/mousetrap"
  packages = ["."]
  pruneopts = "UT"
  revision = "76626ae9c91c4f2a10f34cad8ce83ea42c93bb75"
  version = "v1.0"

[[projects]]
  digest = "1:cd685a8b273acf671df4e26ec54c77c363d76eb80b554ed5374233a55f6e424f"
  name = "github.com/jawher/mow.cli"
  packages = [
    ".",
    "internal/container",
    "internal/flow",
    "internal/fsm",
    "internal/lexer",
    "internal/matcher",
    "internal/parser",
    "internal/values",
  ]
  pruneopts = "UT"
  revision = "2f22195f169da29d54624afd9eb83ada5c9e4ee9"
  version = "v1.0.4"

[[projects]]
  digest = "1:c568d7727aa262c32bdf8a3f7db83614f7af0ed661474b24588de635c20024c7"
  name = "github.com/magiconair/properties"
  packages = ["."]
  pruneopts = "UT"
  revision = "c2353362d570a7bfa228149c62842019201cfb71"
  version = "v1.8.0"

[[projects]]
  digest = "1:cdb899c199f907ac9fb50495ec71212c95cb5b0e0a8ee0800da0238036091033"
  name = "github.com/mattn/go-runewidth"
  packages = ["."]
  pruneopts = "UT"
  revision = "ce7b0b5c7b45a81508558cd1dba6bb1e4ddb51bb"
  version = "v0.0.3"

[[projects]]
  branch = "master"
  digest = "1:78bbb1ba5b7c3f2ed0ea1eab57bdd3859aec7e177811563edc41198a760b06af"
  name = "github.com/mitchellh/go-homedir"
  packages = ["."]
  pruneopts = "UT"
  revision = "ae18d6b8b3205b561c79e8e5f69bff09736185f4"

[[projects]]
  digest = "1:53bc4cd4914cd7cd52139990d5170d6dc99067ae31c56530621b18b35fc30318"
  name = "github.com/mitchellh/mapstructure"
  packages = ["."]
  pruneopts = "UT"
  revision = "3536a929edddb9a5b34bd6861dc4a9647cb459fe"
  version = "v1.1.2"

[[projects]]
  branch = "master"
  digest = "1:398b067cd5b79e0a0c067f5b3a23cf369567d93de8e4d9bf364fda4382b51f63"
  name = "github.com/nbio/st"
  packages = ["."]
  pruneopts = "UT"
  revision = "e9e8d9816f3268def6dcbd2dea03301f40e9de94"

[[projects]]
  branch = "master"
  digest = "1:4daa045e1e1f3e23f4b07db6880cdf9f259dab65312dfe244a878e6070faaf77"
  name = "github.com/olekukonko/tablewriter"
  packages = ["."]
  pruneopts = "UT"
  revision = "d4647c9c7a84d847478d890b816b7d8b62b0b279"

[[projects]]
  digest = "1:95741de3af260a92cc5c7f3f3061e85273f5a81b5db20d4bd68da74bd521675e"
  name = "github.com/pelletier/go-toml"
  packages = ["."]
  pruneopts = "UT"
  revision = "c01d1270ff3e442a8a57cddc1c92dc1138598194"
  version = "v1.2.0"

[[projects]]
  digest = "1:3e39bafd6c2f4bf3c76c3bfd16a2e09e016510ad5db90dc02b88e2f565d6d595"
  name = "github.com/spf13/afero"
  packages = [
    ".",
    "mem",
  ]
  pruneopts = "UT"
  revision = "f4711e4db9e9a1d3887343acb72b2bbfc2f686f5"
  version = "v1.2.1"

[[projects]]
  digest = "1:08d65904057412fc0270fc4812a1c90c594186819243160dc779a402d4b6d0bc"
  name = "github.com/spf13/cast"
  packages = ["."]
  pruneopts = "UT"
  revision = "8c9545af88b134710ab1cd196795e7f2388358d7"
  version = "v1.3.0"

[[projects]]
  digest = "1:645cabccbb4fa8aab25a956cbcbdf6a6845ca736b2c64e197ca7cbb9d210b939"
  name = "github.com/spf13/cobra"
  packages = ["."]
  pruneopts = "UT"
  revision = "ef82de70bb3f60c65fb8eebacbb2d122ef517385"
  version = "v0.0.3"

[[projects]]
  digest = "1:1b753ec16506f5864d26a28b43703c58831255059644351bbcb019b843950900"
  name = "github.com/spf13/jwalterweatherman"
  packages = ["."]
  pruneopts = "UT"
  revision = "94f6ae3ed3bceceafa716478c5fbf8d29ca601a1"
  version = "v1.1.0"

[[projects]]
  digest = "1:c1b1102241e7f645bc8e0c22ae352e8f0dc6484b6cb4d132fa9f24174e0119e2"
  name = "github.com/spf13/pflag"
  packages = ["."]
  pruneopts = "UT"
  revision = "298182f68c66c05229eb03ac171abe6e309ee79a"
  version = "v1.0.3"

[[projects]]
  digest = "1:de37e343c64582d7026bf8ab6ac5b22a72eac54f3a57020db31524affed9f423"
  name = "github.com/spf13/viper"
  packages = ["."]
  pruneopts = "UT"
  revision = "6d33b5a963d922d182c91e8a1c88d81fd150cfd4"
  version = "v1.3.1"

[[projects]]
  branch = "master"
  digest = "1:4b487c782bc804d994e91adbd3d2a8a77a482671efd87b2fde0805adb01a39c0"
  name = "golang.org/x/sys"
  packages = ["unix"]
  pruneopts = "UT"
  revision = "fa5fdf94c78965f1aa8423f0cc50b8b8d728b05a"

[[projects]]
  digest = "1:8029e9743749d4be5bc9f7d42ea1659471767860f0cdc34d37c3111bd308a295"
  name = "golang.org/x/text"
  packages = [
    "internal/gen",
    "internal/triegen",
    "internal/ucd",
    "transform",
    "unicode/cldr",
    "unicode/norm",
  ]
  pruneopts = "UT"
  revision = "f21a4dfb5e38f5895301dc265a8def02365cc3d0"
  version = "v0.3.0"

[[projects]]
  digest = "1:f1e9221c1e17a438f8758d8da7be7ced1fc6132c4555d589d80f697d2cba7c8a"
  name = "gopkg.in/h2non/gock.v1"
  packages = ["."]
  pruneopts = "UT"
  revision = "a6029d17e101ac1594adafea9e63fd8c988a8701"
  version = "v1.0.12"

[[projects]]
  digest = "1:274f67cb6fed9588ea2521ecdac05a6d62a8c51c074c1fccc6a49a40ba80e925"
  name = "gopkg.in/satori/go.uuid.v1"
  packages = ["."]
  pruneopts = "UT"
  revision = "f58768cc1a7a7e77a3bd49e98cdd21419399b6a3"
  version = "v1.2.0"

[[projects]]
  digest = "1:4d2e5a73dc1500038e504a8d78b986630e3626dc027bc030ba5c75da257cdb96"
  name = "gopkg.in/yaml.v2"
  packages = ["."]
  pruneopts = "UT"
  revision = "51d6538a90f86fe93ac480b35f37b2be17fef232"
  version = "v2.2.2"

[solve-meta]
  analyzer-name = "dep"
  analyzer-version = 1
  input-imports = [
    "github.com/Bowery/prompt",
    "github.com/DiSiqueira/GoTree",
    "github.com/blang/semver",
    "github.com/davecgh/go-spew/spew",
    "github.com/dghubble/sling",
    "github.com/jawher/mow.cli",
    "github.com/mitchellh/go-homedir",
    "github.com/nbio/st",
    "github.com/olekukonko/tablewriter",
    "github.com/spf13/cobra",
    "github.com/spf13/viper",
    "gopkg.in/h2non/gock.v1",
    "gopkg.in/satori/go.uuid.v1",
  ]
  solver-name = "gps-cdcl"
  solver-version = 1
